{
    "_meta": {
        "hash": {
            "sha256": "de2185eb3a2b080fe14852d9c2f90d12e45a7eee8d094ec32699e88ea6fec163"
        },
        "pipfile-spec": 6,
        "requires": {
            "python_version": "3.8"
        },
        "sources": [
            {
                "name": "pypi",
                "url": "https://pypi.org/simple",
                "verify_ssl": true
            }
        ]
    },
    "default": {
        "backcall": {
            "hashes": [
                "sha256:5cbdbf27be5e7cfadb448baf0aa95508f91f2bbc6c6437cd9cd06e2a4c215e1e",
                "sha256:fbbce6a29f263178a1f7915c1940bde0ec2b2a967566fe1c65c1dfb7422bd255"
            ],
            "version": "==0.2.0"
        },
        "base58": {
            "hashes": [
                "sha256:365c9561d9babac1b5f18ee797508cd54937a724b6e419a130abad69cec5ca79",
                "sha256:447adc750d6b642987ffc6d397ecd15a799852d5f6a1d308d384500243825058"
            ],
            "markers": "python_version >= '3.5'",
            "version": "==2.0.1"
        },
        "certifi": {
            "hashes": [
                "sha256:84c85a9078b11105f04f3036a9482ae10e4621616db313fe045dd24743a0820d",
                "sha256:fe86415d55e84719d75f8b69414f6438ac3547d2078ab91b67e779ef69378412"
            ],
            "markers": "python_version >= '3.6'",
            "version": "==2022.6.15"
        },
        "chardet": {
            "hashes": [
                "sha256:0d6f53a15db4120f2b08c94f11e7d93d2c911ee118b6b30a04ec3ee8310179fa",
                "sha256:f864054d66fd9118f2e67044ac8981a54775ec5b67aed0441892edb553d21da5"
            ],
            "markers": "python_version >= '2.7' and python_version not in '3.0, 3.1, 3.2, 3.3, 3.4'",
            "version": "==4.0.0"
        },
        "decorator": {
            "hashes": [
                "sha256:637996211036b6385ef91435e4fae22989472f9d571faba8927ba8253acbc330",
                "sha256:b8c3f85900b9dc423225913c5aace94729fe1fa9763b38939a95226f02d37186"
            ],
            "markers": "python_version >= '3.5'",
            "version": "==5.1.1"
        },
        "idna": {
            "hashes": [
                "sha256:b307872f855b18632ce0c21c5e45be78c0ea7ae4c15c828c20788b26921eb3f6",
                "sha256:b97d804b1e9b523befed77c48dacec60e6dcb0b5391d57af6a65a312a90648c0"
            ],
            "markers": "python_version >= '2.7' and python_version not in '3.0, 3.1, 3.2, 3.3'",
            "version": "==2.10"
        },
        "ipython": {
            "hashes": [
                "sha256:55df3e0bd0f94e715abd968bedd89d4e8a7bce4bf498fb123fed4f5398fea874",
                "sha256:b5548ec5329a4bcf054a5deed5099b0f9622eb9ea51aaa7104d215fece201d8c"
            ],
            "index": "pypi",
            "version": "==7.31.1"
        },
        "jedi": {
            "hashes": [
                "sha256:637c9635fcf47945ceb91cd7f320234a7be540ded6f3e99a50cb6febdfd1ba8d",
                "sha256:74137626a64a99c8eb6ae5832d99b3bdd7d29a3850fe2aa80a4126b2a7d949ab"
            ],
            "markers": "python_version >= '3.6'",
            "version": "==0.18.1"
        },
        "matplotlib-inline": {
            "hashes": [
                "sha256:a04bfba22e0d1395479f866853ec1ee28eea1485c1d69a6faf00dc3e24ff34ee",
                "sha256:aed605ba3b72462d64d475a21a9296f400a19c4f74a31b59103d2a99ffd5aa5c"
            ],
            "markers": "python_version >= '3.5'",
            "version": "==0.1.3"
        },
        "more-itertools": {
            "hashes": [
                "sha256:a42901a0a5b169d925f6f217cd5a190e32ef54360905b9c39ee7db5313bfec0f",
                "sha256:c5122bffc5f104d37c1626b8615b511f3427aa5389b94d61e5ef8236bfbc3ddb"
            ],
            "markers": "python_version >= '3.5'",
            "version": "==8.13.0"
        },
        "parso": {
            "hashes": [
                "sha256:8c07be290bb59f03588915921e29e8a50002acaf2cdc5fa0e0114f91709fafa0",
                "sha256:c001d4636cd3aecdaf33cbb40aebb59b094be2a74c556778ef5576c175e19e75"
            ],
            "markers": "python_version >= '3.6'",
            "version": "==0.8.3"
        },
        "pexpect": {
            "hashes": [
                "sha256:0b48a55dcb3c05f3329815901ea4fc1537514d6ba867a152b581d69ae3710937",
                "sha256:fc65a43959d153d0114afe13997d439c22823a27cefceb5ff35c2178c6784c0c"
            ],
            "markers": "sys_platform != 'win32'",
            "version": "==4.8.0"
        },
        "pickleshare": {
            "hashes": [
                "sha256:87683d47965c1da65cdacaf31c8441d12b8044cdec9aca500cd78fc2c683afca",
                "sha256:9649af414d74d4df115d5d718f82acb59c9d418196b7b4290ed47a12ce62df56"
            ],
            "version": "==0.7.5"
        },
        "prompt-toolkit": {
            "hashes": [
                "sha256:859b283c50bde45f5f97829f77a4674d1c1fcd88539364f1b28a37805cfd89c0",
                "sha256:d8916d3f62a7b67ab353a952ce4ced6a1d2587dfe9ef8ebc30dd7c386751f289"
            ],
            "markers": "python_full_version >= '3.6.2'",
            "version": "==3.0.30"
        },
        "ptyprocess": {
            "hashes": [
                "sha256:4b41f3967fce3af57cc7e94b888626c18bf37a083e3651ca8feeb66d492fef35",
                "sha256:5c5d0a3b48ceee0b48485e0c26037c0acd7d29765ca3fbb5cb3831d347423220"
            ],
            "version": "==0.7.0"
        },
        "py-bip39-bindings": {
            "hashes": [
                "sha256:01324e56ef6069b020a5ebe3771b769080fb51b22f5bc6299b30045a0aa066f7",
                "sha256:02906b7f6c747a5e7e27f6065709fea6212bd2d67f3094164b3e9a5166fe05a6",
                "sha256:0497a2e3eab0618c3620aa57e91a9cf72683db9a4ecfccc77d10a9cb4efd90ae",
                "sha256:0f381e4b0e192664ecf081297a5f98b4b4cf0ff90c053c7b29eedb7f0a9a8ae6",
                "sha256:1bfc5c0795e3d0d1e7d4de22332e16d451eac8fb66110de7218fe9fe93fc9f1d",
                "sha256:22e5cacc4b655b968d9f3148e015784224482261a65ce6b602d21f785d71b57a",
                "sha256:2972b4da68f79a50ef366e4992a02059c19d0129d8354013a0f90c7f9ae082ef",
                "sha256:2a4f92766a5e20cd12e7bc6397755fa42686b2fa9dc6eca5e3099a307a9bf170",
                "sha256:304364c9d0e15f38374746afbe247f14f67bab7631dce01973eb1ea09a0a7966",
                "sha256:3181bee74c65fdc40a9239d49c275c0ca3b39c8210df050c3d097fa764abadbc",
                "sha256:391feea42c80a970f0bc1b8730f6aa4a8c02e7728bccea455f4ed02ec8fe7761",
                "sha256:3e8299e8322aef1cf0e5b243a9b08b7c244fac2d60c3c1b677476c6472491ffe",
                "sha256:4171ffa7927f9cd298e24bfbf7910cd62b011b4f87669f1b728a64dfc2ce2ca2",
                "sha256:5ea35850ac414cc8c3ae8244c9dcc30439ef7bd775c6c9d37641650fbc7f4cc5",
                "sha256:64c95b00436ea1f59c2f1437bc92352a258d8ebeae05f3a321e758f97b303de7",
                "sha256:7a64728a57bb9e60103e80419c0e9a5bb11279291ddf6779f9741697ee90eacd",
                "sha256:7bf684de485de183d78b1d1036997990dd54f475bae34fa7c140ad324a16536a",
                "sha256:8813b8cfb4940aea98a56bd89e0d0549b1bded938cc989f41a841a43c5532120",
                "sha256:887d0a0b2daa8d2c78e3281e1f5b7a1987670771f81a347aabe833e16e8ba08c",
                "sha256:8f1027635f92e2d7e239d83515c9eeb807f662e7e9505b916ace16f0a654be21",
                "sha256:8fc423efff6335960865170b9f1be406f0148b2071da54a3fdb5945e914ca859",
                "sha256:925c3b39acc8c9630a0e39414e3fb685f4198e19994434868f6c3d197ee17d31",
                "sha256:98aa3a05f417dd34b91a5370a242c532296467a7da75f5d65591f67a087384fa",
                "sha256:9df7e09151e27b2fc7c484de270035b42ac3dde1018165961d1c9ba82c63b4cb",
                "sha256:b74a8d76f35573f99e3293edaf4a9a8c2ce188bc80e7cf5236ae572c2f723a95",
                "sha256:bb31363d762851d831eafc98195314b7330842ff931b1d88baa90d332ff9511d",
                "sha256:ced918c247a0344c1c2d86f8663a1620d0e37615e536d0510b727939ce9cf7d5",
                "sha256:d084eeebcd56703e17dfeba62d22e66c3737c46a41a59fb30695d963df19dea8",
                "sha256:d80dfe842f42a342e68ab766410e68e60b6c4cb1cb5f53d831f172bc50e32445",
                "sha256:de04164b4913b5d46982cb8feca9a9356bdb0256eb26a00eb6c06c8de59af766",
                "sha256:e8535c02fdcb14e909925a76efd1583bc88b08bb663dbb2a7005649fe6c66e60",
                "sha256:ea861ae6a56f536453035b18e6bf09a34643da05433880b36d271c7852c1c58f"
            ],
            "version": "==0.1.9"
        },
        "py-ed25519-bindings": {
            "hashes": [
                "sha256:077b0a90b7cffc34b4f9b8ab0ed612edfb76e5eda695b016cca4790b934d88ca",
                "sha256:1cd3a2d49835a6a5728a340cdaa80352474e9d0a390a2b52634a806d0ba0f4a9",
                "sha256:33da2e9b9681a5e5574b0f38093713b91bdfcfb14ba7ca8b5bea568de72a1aa5",
                "sha256:3b12f2abd8974ce4867a15c6133aec67ce3aaad12298706f50667b4e73b30251",
                "sha256:3bbd338fdc53a0b6e7524e2ca0d26c7ce848244dbe776546dc173bf552582a2e",
                "sha256:494a3d3eed9a81ff621bb51f34c18dfdee43bd7fc022eeefa6fe2ab023b7d90e",
                "sha256:4eff4d6c1e658f183470f3d0ee2b1516c9569eb796cdd80222fcc05910fea6a4",
                "sha256:53bab7ad743d417dea09d1213f664e6bcba14f7b3e4dbab85e25daf7042bea86",
                "sha256:5b26b8f47194a4766d23f7989f926ae791ab6779414a34fb8e665d914694286a",
                "sha256:5b6725dbd6f613c1cb93bca5af5a1e063b2d37d2927eaab5a2e3b6006b993e36",
                "sha256:627e8cc9e750bea3fdd00dad6ad45f79bf2a0c3a8534083aaa292c99f7054a2e",
                "sha256:80d6df3c293cff0a2778028e4b5248e24b64f0deab247b9d4bf4065d8ac2d237",
                "sha256:8f62b42e061c7a8373f9d64527856c48420b3986c70b925685179f16bd0b9c9f",
                "sha256:93797fa77a82fbfbdae054256bdaaa8ee2f7ef3f20ae7499d9026fbfb3a46c25",
                "sha256:9606ed47dbf6ff76f82d85e7b6a0662a95e5b186efb8c2b281c80c3f4037fb4f",
                "sha256:9779c7bc24e0e8db0f992ee637125681885c3d5c73ebb19846a1d37417ddd3d5",
                "sha256:a82959d8a80b8d2293dc0dee8bc810ee8052f8e534b862aa8768dfe045d37555",
                "sha256:af940439ee3f0285d9956fdebe4ef7baafbf3068d75c114cbb97e69ae1b9fb02",
                "sha256:c1903baad3eaa1dc037c429d92f04482a4e369690b16594b9b489055052d4cc5",
                "sha256:c2b2e26070429c1d13dea4dfb012c4dbf5c7a470f94cfca4d4454b8bb725ffb2",
                "sha256:cbeae9f80b2997a271b98f7f4ec856272f46c83a0fa5bd95107d9611f3a95c73",
                "sha256:d94754cd34ee2b66173af889bb922fab90c6b3bda2d29b4ed677d9e52d2bc09a",
                "sha256:e48fc9cf7b60f45a1673e45829d994fa9119108804d61995ea623475f213d3b4",
                "sha256:f2df3ff54550ad2587f63658ecb7c69e0880891e736450491e2a2b633d5273c5",
                "sha256:ff2c54e88b44b224106924482e83781290e0d22f822377a43ea32a9bada80c2b"
            ],
            "version": "==0.1.3"
        },
        "py-sr25519-bindings": {
            "hashes": [
                "sha256:0046dda17c554376f5ba11ea91163b1b883ac61fcc1b1ba588e31b1cb58add28",
                "sha256:0a09f5886a706fcee6786f94dd59a04bdc95f2d6c4b7e1b3118ca805d322a055",
                "sha256:1121e5da273c81b2e7ba0ca4bef8a89c527a6e25ed3110a95e93fd2caa04c50b",
                "sha256:127057216b8cd32ea322d64aa52e70ba7b42a55cd4eb31e8df7c0120934f2445",
                "sha256:14a06ca42d5fd07673138bf9970db9091059a1e4d704545bdf156dd05de3e3c6",
                "sha256:197892cd89077baf2be51e3307a40de2c32006a2b89fec7d767a1d0b2749712d",
                "sha256:1ca0d8e1ca66a17c41e3f6da0c3837e7dbf5b391eb4ea41cfe6026bad0adc8ea",
                "sha256:1fb9ca7b65e60b64bd6e81ee2d5e6556d93b317af3c95a2e24bf45a3c44041a0",
                "sha256:2ec17c935f8ae9a00bb5d6adac6cc455fd6052042959ace5563448c355e2960a",
                "sha256:34635da67e6798bb4535543e63c3e1d3b19f17a4df1f9b613c69b66fc8296fa3",
                "sha256:34786ba33f602d9d4f2495bd29d9f0cb357813a6ee8ae5cd9d37dbda86c141a4",
                "sha256:3845f55a88dcba825c16e65fc9e26742cbb9103fba5229fd0c3e9e8deffd323b",
                "sha256:3f52666b02075483dfdd294b9d0fd903eaf96ac7140e5be45390b25ded52ca6a",
                "sha256:42097fab2702186a6591471bc366d7c804c7c30744acd59d6c6a38fdcad4bedb",
                "sha256:465c2ae7e3191f24ac10519aece185772a6b9d6179b8948fad78c3b1dbe77d8c",
                "sha256:4940ebfcb482b33468c41dda9e8c19137c14cc3b993e1084e55387c6acfa11ab",
                "sha256:5a0f591f9b474ca31f0ca199ebc5d2c70a8869ff6e211188a1562310614558dd",
                "sha256:5e12ca977014f148f4bfb6ba662f1529b15cc8ce030719d726c4e16a379e976e",
                "sha256:6715852eb2ea733c4978b77f9a049cc9eb763d54270d5b1263b198256656c38e",
                "sha256:67dd46da0a571859418fc938af15ab9a0586e47244d21f0f26c5cbf4daf10a3b",
                "sha256:6be4f52320d021fe8a86d72d71fae821b6c251f12b36e7e3deee5a1140da55b6",
                "sha256:721cae28e86038682dd522191f9cb58a71b3455ef461433ba27a76d2d321197c",
                "sha256:72b49cba419f5c76436bf06de4575ee27713afd8b867c4c14cb7a29e1046c30a",
                "sha256:855af2efee23ebbb4b5544027b2b9a4818db34717b88741bcfd74f5739e9152f",
                "sha256:8e62369aca9455131330cf63b0fcec3be198cabad936317321aa0db9d143435b",
                "sha256:9b80e4aa4037b1e8fd3d5ff0fb4e2c3d92e04b2936f29c79d5411c5a22562f25",
                "sha256:9cbee7341ed35d08533c7dac4d227e2fe21b815072ef66178a7ddb77f4e7be36",
                "sha256:9e07cc588754da27c03185e2d3823537790f616b5aab3df1703ca0f6f578114c",
                "sha256:9e5118cc7e1a77083307d260ccda21a0ec14efb0b98535f8fc9e2c54c7594836",
                "sha256:aed508e15e695c5e3147be936db7a40f7bf5cb0a4078a9eb0e25fbdeb7c08982",
                "sha256:b901675f8ea8ca4a6e55887ea48448a3f6bf55f22baa4acfa77d7c844e82e9db",
                "sha256:cb1edb9db13548252fe3410868111dcda48a5b6ecda11cebb156930f0f472368",
                "sha256:ce3639509e87ab04652c62aab626f13a80e308347047173bf74749397d0be539",
                "sha256:d13e3a6b262494f66f36de3ba45d1040fee7a0c4104d56086b15315332026db9",
                "sha256:d1b1b51d997363a264fb3f91978f21ea784f5ee50ed26e11ed0a0f26c497a4eb",
                "sha256:d1c1247b4bf4c5670767e8a35bc259b425b275c8d72c6e3f1cfac47cf9b80e89",
                "sha256:f7ca8f4e62aee8bc33916f6422e8ac5ffeeb96bc11f7ca52792354b771216bd8"
            ],
            "version": "==0.1.4"
        },
        "pygments": {
            "hashes": [
                "sha256:5eb116118f9612ff1ee89ac96437bb6b49e8f04d8a13b514ba26f620208e26eb",
                "sha256:dc9c10fb40944260f6ed4c688ece0cd2048414940f1cea51b8b226318411c519"
            ],
            "markers": "python_version >= '3.6'",
            "version": "==2.12.0"
        },
        "requests": {
            "hashes": [
                "sha256:27973dd4a904a4f13b263a19c866c13b92a39ed1c964655f025f3f8d3d75b804",
                "sha256:c210084e36a42ae6b9219e00e48287def368a26d03a048ddad7bfee44f75871e"
            ],
            "markers": "python_version >= '2.7' and python_version not in '3.0, 3.1, 3.2, 3.3, 3.4'",
            "version": "==2.25.1"
        },
        "scalecodec": {
            "hashes": [
                "sha256:048aefc608cc8197ce354fb4745cba9ecae845c7804852e79c386a08d9c56f29",
                "sha256:6b94d6bd2448ee15f99975fe707d9b3018bc65ccd8ad6b893da91168551c2722"
            ],
            "markers": "python_version >= '3.6' and python_version < '4'",
            "version": "==0.10.88"
        },
        "setuptools": {
            "hashes": [
                "sha256:0d33c374d41c7863419fc8f6c10bfe25b7b498aa34164d135c622e52580c6b16",
                "sha256:c04b44a57a6265fe34a4a444e965884716d34bae963119a76353434d6f18e450"
            ],
            "markers": "python_version >= '3.7'",
            "version": "==63.2.0"
        },
        "six": {
            "hashes": [
                "sha256:1e61c37477a1626458e36f7b1d82aa5c9b094fa4802892072e49de9c60c4c926",
                "sha256:8abb2f1d86890a2dfb989f9a77cfcfd3e47c2a354b01111771326f8aa26e0254"
            ],
            "markers": "python_version >= '2.7' and python_version not in '3.0, 3.1, 3.2, 3.3'",
            "version": "==1.16.0"
        },
        "substrate-interface": {
            "hashes": [
                "sha256:ceb333ec18643ae6a226048f56f2393b54ffeb3e66f3f095f22602eeb6589fb9",
                "sha256:dea28671d9f131c625c9eec5b34198fb913515042e05e74611bd230b73ae3428"
            ],
            "index": "pypi",
            "version": "==0.12.6"
        },
        "tqdm": {
            "hashes": [
                "sha256:daec693491c52e9498632dfbe9ccfc4882a557f5fa08982db1b4d3adbe0887c3",
                "sha256:ebdebdb95e3477ceea267decfc0784859aa3df3e27e22d23b83e9b272bf157ae"
            ],
            "index": "pypi",
            "version": "==4.60.0"
        },
        "traitlets": {
            "hashes": [
                "sha256:0bb9f1f9f017aa8ec187d8b1b2a7a6626a2a1d877116baba52a129bfa124f8e2",
                "sha256:65fa18961659635933100db8ca120ef6220555286949774b9cfc106f941d1c7a"
            ],
            "markers": "python_version >= '3.7'",
            "version": "==5.3.0"
        },
        "urllib3": {
            "hashes": [
                "sha256:c33ccba33c819596124764c23a97d25f32b28433ba0dedeb77d873a38722c9bc",
                "sha256:ea6e8fb210b19d950fab93b60c9009226c63a28808bc8386e05301e25883ac0a"
            ],
            "markers": "python_version >= '2.7' and python_version not in '3.0, 3.1, 3.2, 3.3, 3.4, 3.5' and python_version < '4'",
            "version": "==1.26.11"
        },
        "wcwidth": {
            "hashes": [
                "sha256:beb4802a9cebb9144e99086eff703a642a13d6a0052920003a230f3294bbe784",
                "sha256:c4d647b99872929fdb7bdcaa4fbe7f01413ed3d98077df798530e5b04f116c83"
            ],
            "version": "==0.2.5"
        },
        "websocket-client": {
            "hashes": [
                "sha256:44b5df8f08c74c3d82d28100fdc81f4536809ce98a17f0757557813275fbb663",
                "sha256:63509b41d158ae5b7f67eb4ad20fecbb4eee99434e73e140354dc3ff8e09716f"
            ],
            "markers": "python_version >= '2.6' and python_version not in '3.0, 3.1, 3.2, 3.3'",
            "version": "==0.58.0"
        },
        "xxhash": {
            "hashes": [
                "sha256:035248b3d7ab6deb7b247278494d293b9faccfa853078319d25e2926f566b2f8",
                "sha256:0a2efdcb811be3edc520b78364c11a1e54f5d8e5db895a9ff2bcdd4a7ffa36a5",
                "sha256:0b0d522570c9ccea6203b3d96ac7f0cfc1d29e613640475d513be432545c48cc",
                "sha256:197c32d7b62be02957ca31aa69febadf9c5a34ef953053ea16e2c72465bc450f",
                "sha256:1c6fc59e182506496544bc6d426bcf6077066ed1b40cfcd937f707cc06c7ef50",
                "sha256:21752a3e9a2391d91bd51f4aa2fe028ae14ba6a8d37db9ebe00ccac10be5ac4a",
                "sha256:219cba13991fd73cf21a5efdafa5056f0ae0b8f79e5e0112967e3058daf73eea",
                "sha256:2245c6e20e96e3f8fdfb61ad6bc5cde6ce8a1c2b93aa4a32a27bba7ab3aeaf12",
                "sha256:22704f23f23ccbe892cee3e7568c67f07ac25beaa2d1cff183274005d9d39149",
                "sha256:2984fa9a880587c0bfa46d32717b2d209863ee68727ea0fc17f05fce25efa692",
                "sha256:2ae926a52d020085a2d7f69d0e2155cbf819ae409f2e5dbb345dd40a6462de32",
                "sha256:30b2d97aaf11fb122023f6b44ebb97c6955e9e00d7461a96415ca030b5ceb9c7",
                "sha256:31f25efd10b6f1f6d5c34cd231986d8aae9a42e042daa90b783917f170807869",
                "sha256:322068a063ef156455a401ab720f0892f2d2dd1540c1a308e95a7cbf356df51c",
                "sha256:36cf410da5bfcca51ac3c2c51a3317dcd7af91f70fa61eca57fba39554f06ae3",
                "sha256:3bcd4cd9b22293ea1c08822518fbb6d933c2960d66662d468a1945a45cace194",
                "sha256:3fcbb846af15eff100c412ae54f4974ff277c92eacd41f1ec7803a64fd07fa0c",
                "sha256:4258ef78f5a7d1f9c595846134c7d81a868c74942051453258eb383498662d4d",
                "sha256:485f172abc03f78afd4f38dbdbb5665f59c5487126fa4c3181c6582cda4de03b",
                "sha256:48aab36169b0c00e586cb4eb2814ab8bfed686933126019906f917ff9a78c99e",
                "sha256:4cd38b766fc40e9fe37b80112656d2e5a0cb2f9bc12e01b286353b5ecd2768e8",
                "sha256:4f3adf2891acc18abacd15113e9cbbefd30e5f4ecaae32c23e5486fc09c76ea5",
                "sha256:5628375dbb76d33b93b44854a6c5433e2a78115e03ea2ae1bb74a34ab012a43f",
                "sha256:583bea142569485bdb0c5900e804058c16edba1850b74519688c22bc546e6175",
                "sha256:5b63fbeb6d9c93d50ae0dc2b8a8b7f52f2de19e40fe9edc86637bfa5743b8ba2",
                "sha256:5f475fa817ff7955fc118fc1ca29a6e691d329b7ff43f486af36c22dbdcff1db",
                "sha256:6493dd938b360235da81b1c79d8cd048c4f11977e1159b4e744c54f98d3a7bb4",
                "sha256:676c97bf7cc298b65eec0368c2cb5611d87a8e876930843311ca728f69292752",
                "sha256:687aa4373690f23a3f43cc23d81005304d284ff6c041bff1f967664ab6410f36",
                "sha256:6d60059aaef12a01c0cc24f1d7aaaab7933ae9f4b7adfd9ebbd37dc7ceac1745",
                "sha256:6d612c55a75d84d25898f6c5ad6a589aa556d1cb9af770b6c574ee62995167f6",
                "sha256:6f9309fcaf73f93df3101f03a61dc30644adff3e8d0044fff8c0c195dbbe63e2",
                "sha256:807e88ed56e0fb347cb57d5bf44851f9878360fed700f2f63e622ef4eede87a5",
                "sha256:83198e223bcc4b2418b5282ac930e444738c2a33859dee4e570b25c8433d83a2",
                "sha256:885b3a851980056707ab99a2c19c35dfe2c2ba5f602066dbfcd8af45ea855760",
                "sha256:891d7651431a055f76fe2c8f86c593c3dede8ec5b10ca55e8ff5c9fdceb55f0b",
                "sha256:8fd203d8a3c013e679722047ef4f061f690c6cff49380622444bca4c30f3bf23",
                "sha256:91fa4df41bda3cbec4084d9696028780b47128c1f8450d1ad9c3e4b6bf8b1f99",
                "sha256:9200a90f02ff6fd5fb63dea107842da71d8626d99b768fd31be44f3002c60bbe",
                "sha256:9fa2100fb68b163e99370561c9e29ed37b9153fe99443600bea28829150eb0e4",
                "sha256:a1403e4f551c9ef7bcef09af55f1adb169f13e4de253db0887928e5129f87af1",
                "sha256:a2273fe40720e86346a17f06ef95cd60ee0d66ffce7cf55e390ef7350112b16d",
                "sha256:b30ae90c0cfd10ffe852c6b0f263253782eea74a8189d5f2440f6595c1e8047e",
                "sha256:b82b1cf4407ad908e04e864473cc3baa8e764c7bbebea959150764cc681a1611",
                "sha256:c604b3dcac9d37e3fceaa11884927024953260cc4224d9b89400d16e6cf34021",
                "sha256:cbf546ca5f5903ceeb46d9e6abf81f3a64edb95bb7dbe0f75283eec93a7eb2a0",
                "sha256:d6054434ddb060685e86e7457f52d188b0886834baaa532f9f78b4f2b53cfd9b",
                "sha256:da4d91e28418469b29eed8635c08af28b588e51cd04288bed1ba1cf60f2d91f6",
                "sha256:ed65a2671d380ae05262ce1e4ccc2b63f3c30506d207bf6fae8cd72be0ad65d4",
                "sha256:f4125e70e4e1d79992d81de837a0586aa0241665dbc5ce01b9c89330ed5cbb66",
                "sha256:f5dd4c37da3408d56ae942dc103f4ae3b43510daa4f5accd0a411fc6e914f10a",
                "sha256:fa7f6ca53170189a2268c83af0980e6c10aae69e6a5efa7ca989f89fff9f8c02",
                "sha256:fb9eca32f9b4acc7149db2c86f8108167b9929b7da1887d4287a90cfdb3ea53a",
                "sha256:fc6f3a334587c83c5ba56c19b254a97542ce1fc05ccfd66fbf568e6117718d65"
            ],
            "markers": "python_version >= '3.6'",
            "version": "==3.0.0"
        }
    },
    "develop": {}
}
